// !$*UTF8*$!
{
	archiveVersion = 1;
	classes = {
	};
	objectVersion = 51;
	objects = {

/* Begin PBXBuildFile section */
		1BA509B10E2016588BC61841 /* Pods_TaskShareTests.framework in Frameworks */ = {isa = PBXBuildFile; fileRef = 78508597FF514A7446E317F4 /* Pods_TaskShareTests.framework */; };
		4D0CBE0E225EF1067586EE20 /* Pods_TaskShare.framework in Frameworks */ = {isa = PBXBuildFile; fileRef = B03D860B039A92485F3F1262 /* Pods_TaskShare.framework */; };
		570A0C2A234329C900FD2461 /* StringKey.swift in Sources */ = {isa = PBXBuildFile; fileRef = 570A0C29234329C900FD2461 /* StringKey.swift */; };
		5724884E23390EEF00A9C24B /* AppDelegate.swift in Sources */ = {isa = PBXBuildFile; fileRef = 5724884D23390EEF00A9C24B /* AppDelegate.swift */; };
		5724885523390EEF00A9C24B /* Main.storyboard in Resources */ = {isa = PBXBuildFile; fileRef = 5724885323390EEF00A9C24B /* Main.storyboard */; };
		5724885723390EF500A9C24B /* Assets.xcassets in Resources */ = {isa = PBXBuildFile; fileRef = 5724885623390EF500A9C24B /* Assets.xcassets */; };
		5724885A23390EF500A9C24B /* LaunchScreen.storyboard in Resources */ = {isa = PBXBuildFile; fileRef = 5724885823390EF500A9C24B /* LaunchScreen.storyboard */; };
		5724886523390EF600A9C24B /* TaskShareTests.swift in Sources */ = {isa = PBXBuildFile; fileRef = 5724886423390EF600A9C24B /* TaskShareTests.swift */; };
		5724887023390EF600A9C24B /* TaskShareUITests.swift in Sources */ = {isa = PBXBuildFile; fileRef = 5724886F23390EF600A9C24B /* TaskShareUITests.swift */; };
		572488812339B9EA00A9C24B /* TestViewController.swift in Sources */ = {isa = PBXBuildFile; fileRef = 5724885123390EEF00A9C24B /* TestViewController.swift */; };
		572488842339E32600A9C24B /* GoogleService-Info.plist in Resources */ = {isa = PBXBuildFile; fileRef = 572488832339E32500A9C24B /* GoogleService-Info.plist */; };
		572488882339F25500A9C24B /* TopViewController.swift in Sources */ = {isa = PBXBuildFile; fileRef = 572488872339F25500A9C24B /* TopViewController.swift */; };
		5724888B2339F27400A9C24B /* TaskModel.swift in Sources */ = {isa = PBXBuildFile; fileRef = 5724888A2339F27400A9C24B /* TaskModel.swift */; };
		5724888D2339F27C00A9C24B /* UserModel.swift in Sources */ = {isa = PBXBuildFile; fileRef = 5724888C2339F27C00A9C24B /* UserModel.swift */; };
		572488912339FA5400A9C24B /* TopTabBarPagerViewController.swift in Sources */ = {isa = PBXBuildFile; fileRef = 572488902339FA5400A9C24B /* TopTabBarPagerViewController.swift */; };
		572488932339FB8000A9C24B /* MyTaskViewController.swift in Sources */ = {isa = PBXBuildFile; fileRef = 572488922339FB8000A9C24B /* MyTaskViewController.swift */; };
		572488952339FB9100A9C24B /* FriendTaskViewController.swift in Sources */ = {isa = PBXBuildFile; fileRef = 572488942339FB9100A9C24B /* FriendTaskViewController.swift */; };
		572488972339FBA600A9C24B /* FriendsViewController.swift in Sources */ = {isa = PBXBuildFile; fileRef = 572488962339FBA600A9C24B /* FriendsViewController.swift */; };
		572488992339FBB700A9C24B /* SearchFriendsViewController.swift in Sources */ = {isa = PBXBuildFile; fileRef = 572488982339FBB700A9C24B /* SearchFriendsViewController.swift */; };
		5724889C233A04DF00A9C24B /* UIColor.swift in Sources */ = {isa = PBXBuildFile; fileRef = 5724889B233A04DF00A9C24B /* UIColor.swift */; };
		572BA268233B2B5400388B52 /* TopViewModel.swift in Sources */ = {isa = PBXBuildFile; fileRef = 572BA267233B2B5400388B52 /* TopViewModel.swift */; };
		572BA26A233B2B6600388B52 /* MytTaskViewModel.swift in Sources */ = {isa = PBXBuildFile; fileRef = 572BA269233B2B6600388B52 /* MytTaskViewModel.swift */; };
		572BA26C233B2B7800388B52 /* FriendTaskViewModel.swift in Sources */ = {isa = PBXBuildFile; fileRef = 572BA26B233B2B7800388B52 /* FriendTaskViewModel.swift */; };
		572BA26E233B2B8A00388B52 /* FriendsViewModel.swift in Sources */ = {isa = PBXBuildFile; fileRef = 572BA26D233B2B8A00388B52 /* FriendsViewModel.swift */; };
		572BA270233B2B9600388B52 /* SearchFriendsViewModel.swift in Sources */ = {isa = PBXBuildFile; fileRef = 572BA26F233B2B9600388B52 /* SearchFriendsViewModel.swift */; };
		572BA273233B2ED700388B52 /* DefaultTableViewCell.swift in Sources */ = {isa = PBXBuildFile; fileRef = 572BA272233B2ED700388B52 /* DefaultTableViewCell.swift */; };
		572BA276233B316C00388B52 /* TitleLabel.swift in Sources */ = {isa = PBXBuildFile; fileRef = 572BA275233B316C00388B52 /* TitleLabel.swift */; };
		572BA278233B317C00388B52 /* DescriptionLabel.swift in Sources */ = {isa = PBXBuildFile; fileRef = 572BA277233B317B00388B52 /* DescriptionLabel.swift */; };
		572BA27F233B410A00388B52 /* FirebaseActionModel.swift in Sources */ = {isa = PBXBuildFile; fileRef = 572BA27E233B410A00388B52 /* FirebaseActionModel.swift */; };
		572BA281233B440900388B52 /* Date.swift in Sources */ = {isa = PBXBuildFile; fileRef = 572BA280233B440900388B52 /* Date.swift */; };
		572BA284233B48EF00388B52 /* FireAuthError.swift in Sources */ = {isa = PBXBuildFile; fileRef = 572BA283233B48EF00388B52 /* FireAuthError.swift */; };
		572BA286233B4ABC00388B52 /* FireDefaultError.swift in Sources */ = {isa = PBXBuildFile; fileRef = 572BA285233B4ABC00388B52 /* FireDefaultError.swift */; };
		572BA28A233B52E900388B52 /* CreateTaskViewController.swift in Sources */ = {isa = PBXBuildFile; fileRef = 572BA289233B52E900388B52 /* CreateTaskViewController.swift */; };
		572BA28C233B588400388B52 /* Reactive.swift in Sources */ = {isa = PBXBuildFile; fileRef = 572BA28B233B588400388B52 /* Reactive.swift */; };
		572BA28E233D9D1500388B52 /* CreateTaskViewModel.swift in Sources */ = {isa = PBXBuildFile; fileRef = 572BA28D233D9D1400388B52 /* CreateTaskViewModel.swift */; };
		572BA290233DA36600388B52 /* TextFieldTableViewCell.swift in Sources */ = {isa = PBXBuildFile; fileRef = 572BA28F233DA36600388B52 /* TextFieldTableViewCell.swift */; };
		8DA4BB85B5C12A60CE2938FF /* Pods_TaskShareUITests.framework in Frameworks */ = {isa = PBXBuildFile; fileRef = 7B486303030C91045E67E643 /* Pods_TaskShareUITests.framework */; };
/* End PBXBuildFile section */

/* Begin PBXContainerItemProxy section */
		5724886123390EF500A9C24B /* PBXContainerItemProxy */ = {
			isa = PBXContainerItemProxy;
			containerPortal = 5724884223390EEF00A9C24B /* Project object */;
			proxyType = 1;
			remoteGlobalIDString = 5724884923390EEF00A9C24B;
			remoteInfo = TaskShare;
		};
		5724886C23390EF600A9C24B /* PBXContainerItemProxy */ = {
			isa = PBXContainerItemProxy;
			containerPortal = 5724884223390EEF00A9C24B /* Project object */;
			proxyType = 1;
			remoteGlobalIDString = 5724884923390EEF00A9C24B;
			remoteInfo = TaskShare;
		};
/* End PBXContainerItemProxy section */

/* Begin PBXFileReference section */
		21F0B60778589FFC7AC08EB2 /* Pods-TaskShare.release.xcconfig */ = {isa = PBXFileReference; includeInIndex = 1; lastKnownFileType = text.xcconfig; name = "Pods-TaskShare.release.xcconfig"; path = "Target Support Files/Pods-TaskShare/Pods-TaskShare.release.xcconfig"; sourceTree = "<group>"; };
		3D7E4B7ED01E919BC0AFFE87 /* Pods-TaskShareTests.release.xcconfig */ = {isa = PBXFileReference; includeInIndex = 1; lastKnownFileType = text.xcconfig; name = "Pods-TaskShareTests.release.xcconfig"; path = "Target Support Files/Pods-TaskShareTests/Pods-TaskShareTests.release.xcconfig"; sourceTree = "<group>"; };
		570A0C29234329C900FD2461 /* StringKey.swift */ = {isa = PBXFileReference; lastKnownFileType = sourcecode.swift; path = StringKey.swift; sourceTree = "<group>"; };
		5724884A23390EEF00A9C24B /* TaskShare.app */ = {isa = PBXFileReference; explicitFileType = wrapper.application; includeInIndex = 0; path = TaskShare.app; sourceTree = BUILT_PRODUCTS_DIR; };
		5724884D23390EEF00A9C24B /* AppDelegate.swift */ = {isa = PBXFileReference; lastKnownFileType = sourcecode.swift; path = AppDelegate.swift; sourceTree = "<group>"; };
		5724885123390EEF00A9C24B /* TestViewController.swift */ = {isa = PBXFileReference; lastKnownFileType = sourcecode.swift; path = TestViewController.swift; sourceTree = "<group>"; };
		5724885423390EEF00A9C24B /* Base */ = {isa = PBXFileReference; lastKnownFileType = file.storyboard; name = Base; path = Base.lproj/Main.storyboard; sourceTree = "<group>"; };
		5724885623390EF500A9C24B /* Assets.xcassets */ = {isa = PBXFileReference; lastKnownFileType = folder.assetcatalog; path = Assets.xcassets; sourceTree = "<group>"; };
		5724885923390EF500A9C24B /* Base */ = {isa = PBXFileReference; lastKnownFileType = file.storyboard; name = Base; path = Base.lproj/LaunchScreen.storyboard; sourceTree = "<group>"; };
		5724885B23390EF500A9C24B /* Info.plist */ = {isa = PBXFileReference; lastKnownFileType = text.plist.xml; path = Info.plist; sourceTree = "<group>"; };
		5724886023390EF500A9C24B /* TaskShareTests.xctest */ = {isa = PBXFileReference; explicitFileType = wrapper.cfbundle; includeInIndex = 0; path = TaskShareTests.xctest; sourceTree = BUILT_PRODUCTS_DIR; };
		5724886423390EF600A9C24B /* TaskShareTests.swift */ = {isa = PBXFileReference; lastKnownFileType = sourcecode.swift; path = TaskShareTests.swift; sourceTree = "<group>"; };
		5724886623390EF600A9C24B /* Info.plist */ = {isa = PBXFileReference; lastKnownFileType = text.plist.xml; path = Info.plist; sourceTree = "<group>"; };
		5724886B23390EF600A9C24B /* TaskShareUITests.xctest */ = {isa = PBXFileReference; explicitFileType = wrapper.cfbundle; includeInIndex = 0; path = TaskShareUITests.xctest; sourceTree = BUILT_PRODUCTS_DIR; };
		5724886F23390EF600A9C24B /* TaskShareUITests.swift */ = {isa = PBXFileReference; lastKnownFileType = sourcecode.swift; path = TaskShareUITests.swift; sourceTree = "<group>"; };
		5724887123390EF600A9C24B /* Info.plist */ = {isa = PBXFileReference; lastKnownFileType = text.plist.xml; path = Info.plist; sourceTree = "<group>"; };
		572488832339E32500A9C24B /* GoogleService-Info.plist */ = {isa = PBXFileReference; fileEncoding = 4; lastKnownFileType = text.plist.xml; path = "GoogleService-Info.plist"; sourceTree = "<group>"; };
		572488872339F25500A9C24B /* TopViewController.swift */ = {isa = PBXFileReference; lastKnownFileType = sourcecode.swift; path = TopViewController.swift; sourceTree = "<group>"; };
		5724888A2339F27400A9C24B /* TaskModel.swift */ = {isa = PBXFileReference; lastKnownFileType = sourcecode.swift; path = TaskModel.swift; sourceTree = "<group>"; };
		5724888C2339F27C00A9C24B /* UserModel.swift */ = {isa = PBXFileReference; lastKnownFileType = sourcecode.swift; path = UserModel.swift; sourceTree = "<group>"; };
		572488902339FA5400A9C24B /* TopTabBarPagerViewController.swift */ = {isa = PBXFileReference; lastKnownFileType = sourcecode.swift; path = TopTabBarPagerViewController.swift; sourceTree = "<group>"; };
		572488922339FB8000A9C24B /* MyTaskViewController.swift */ = {isa = PBXFileReference; lastKnownFileType = sourcecode.swift; path = MyTaskViewController.swift; sourceTree = "<group>"; };
		572488942339FB9100A9C24B /* FriendTaskViewController.swift */ = {isa = PBXFileReference; lastKnownFileType = sourcecode.swift; path = FriendTaskViewController.swift; sourceTree = "<group>"; };
		572488962339FBA600A9C24B /* FriendsViewController.swift */ = {isa = PBXFileReference; lastKnownFileType = sourcecode.swift; path = FriendsViewController.swift; sourceTree = "<group>"; };
		572488982339FBB700A9C24B /* SearchFriendsViewController.swift */ = {isa = PBXFileReference; lastKnownFileType = sourcecode.swift; path = SearchFriendsViewController.swift; sourceTree = "<group>"; };
		5724889B233A04DF00A9C24B /* UIColor.swift */ = {isa = PBXFileReference; lastKnownFileType = sourcecode.swift; path = UIColor.swift; sourceTree = "<group>"; };
		572BA267233B2B5400388B52 /* TopViewModel.swift */ = {isa = PBXFileReference; lastKnownFileType = sourcecode.swift; path = TopViewModel.swift; sourceTree = "<group>"; };
		572BA269233B2B6600388B52 /* MytTaskViewModel.swift */ = {isa = PBXFileReference; lastKnownFileType = sourcecode.swift; path = MytTaskViewModel.swift; sourceTree = "<group>"; };
		572BA26B233B2B7800388B52 /* FriendTaskViewModel.swift */ = {isa = PBXFileReference; lastKnownFileType = sourcecode.swift; path = FriendTaskViewModel.swift; sourceTree = "<group>"; };
		572BA26D233B2B8A00388B52 /* FriendsViewModel.swift */ = {isa = PBXFileReference; lastKnownFileType = sourcecode.swift; path = FriendsViewModel.swift; sourceTree = "<group>"; };
		572BA26F233B2B9600388B52 /* SearchFriendsViewModel.swift */ = {isa = PBXFileReference; lastKnownFileType = sourcecode.swift; path = SearchFriendsViewModel.swift; sourceTree = "<group>"; };
		572BA272233B2ED700388B52 /* DefaultTableViewCell.swift */ = {isa = PBXFileReference; lastKnownFileType = sourcecode.swift; path = DefaultTableViewCell.swift; sourceTree = "<group>"; };
		572BA275233B316C00388B52 /* TitleLabel.swift */ = {isa = PBXFileReference; lastKnownFileType = sourcecode.swift; path = TitleLabel.swift; sourceTree = "<group>"; };
		572BA277233B317B00388B52 /* DescriptionLabel.swift */ = {isa = PBXFileReference; lastKnownFileType = sourcecode.swift; path = DescriptionLabel.swift; sourceTree = "<group>"; };
		572BA27E233B410A00388B52 /* FirebaseActionModel.swift */ = {isa = PBXFileReference; lastKnownFileType = sourcecode.swift; path = FirebaseActionModel.swift; sourceTree = "<group>"; };
		572BA280233B440900388B52 /* Date.swift */ = {isa = PBXFileReference; lastKnownFileType = sourcecode.swift; path = Date.swift; sourceTree = "<group>"; };
		572BA283233B48EF00388B52 /* FireAuthError.swift */ = {isa = PBXFileReference; lastKnownFileType = sourcecode.swift; path = FireAuthError.swift; sourceTree = "<group>"; };
		572BA285233B4ABC00388B52 /* FireDefaultError.swift */ = {isa = PBXFileReference; lastKnownFileType = sourcecode.swift; path = FireDefaultError.swift; sourceTree = "<group>"; };
		572BA289233B52E900388B52 /* CreateTaskViewController.swift */ = {isa = PBXFileReference; lastKnownFileType = sourcecode.swift; path = CreateTaskViewController.swift; sourceTree = "<group>"; };
		572BA28B233B588400388B52 /* Reactive.swift */ = {isa = PBXFileReference; lastKnownFileType = sourcecode.swift; path = Reactive.swift; sourceTree = "<group>"; };
		572BA28D233D9D1400388B52 /* CreateTaskViewModel.swift */ = {isa = PBXFileReference; lastKnownFileType = sourcecode.swift; path = CreateTaskViewModel.swift; sourceTree = "<group>"; };
		572BA28F233DA36600388B52 /* TextFieldTableViewCell.swift */ = {isa = PBXFileReference; lastKnownFileType = sourcecode.swift; path = TextFieldTableViewCell.swift; sourceTree = "<group>"; };
		61A95FF2169E259897203FD3 /* Pods-TaskShareUITests.debug.xcconfig */ = {isa = PBXFileReference; includeInIndex = 1; lastKnownFileType = text.xcconfig; name = "Pods-TaskShareUITests.debug.xcconfig"; path = "Target Support Files/Pods-TaskShareUITests/Pods-TaskShareUITests.debug.xcconfig"; sourceTree = "<group>"; };
		6EC08EC9310545F727994A41 /* Pods-TaskShareUITests.release.xcconfig */ = {isa = PBXFileReference; includeInIndex = 1; lastKnownFileType = text.xcconfig; name = "Pods-TaskShareUITests.release.xcconfig"; path = "Target Support Files/Pods-TaskShareUITests/Pods-TaskShareUITests.release.xcconfig"; sourceTree = "<group>"; };
		78508597FF514A7446E317F4 /* Pods_TaskShareTests.framework */ = {isa = PBXFileReference; explicitFileType = wrapper.framework; includeInIndex = 0; path = Pods_TaskShareTests.framework; sourceTree = BUILT_PRODUCTS_DIR; };
		7B486303030C91045E67E643 /* Pods_TaskShareUITests.framework */ = {isa = PBXFileReference; explicitFileType = wrapper.framework; includeInIndex = 0; path = Pods_TaskShareUITests.framework; sourceTree = BUILT_PRODUCTS_DIR; };
		B03D860B039A92485F3F1262 /* Pods_TaskShare.framework */ = {isa = PBXFileReference; explicitFileType = wrapper.framework; includeInIndex = 0; path = Pods_TaskShare.framework; sourceTree = BUILT_PRODUCTS_DIR; };
		B7C3CE3232360E6F389262B4 /* Pods-TaskShare.debug.xcconfig */ = {isa = PBXFileReference; includeInIndex = 1; lastKnownFileType = text.xcconfig; name = "Pods-TaskShare.debug.xcconfig"; path = "Target Support Files/Pods-TaskShare/Pods-TaskShare.debug.xcconfig"; sourceTree = "<group>"; };
		F246D80646782806BFD98CD5 /* Pods-TaskShareTests.debug.xcconfig */ = {isa = PBXFileReference; includeInIndex = 1; lastKnownFileType = text.xcconfig; name = "Pods-TaskShareTests.debug.xcconfig"; path = "Target Support Files/Pods-TaskShareTests/Pods-TaskShareTests.debug.xcconfig"; sourceTree = "<group>"; };
/* End PBXFileReference section */

/* Begin PBXFrameworksBuildPhase section */
		5724884723390EEF00A9C24B /* Frameworks */ = {
			isa = PBXFrameworksBuildPhase;
			buildActionMask = 2147483647;
			files = (
				4D0CBE0E225EF1067586EE20 /* Pods_TaskShare.framework in Frameworks */,
			);
			runOnlyForDeploymentPostprocessing = 0;
		};
		5724885D23390EF500A9C24B /* Frameworks */ = {
			isa = PBXFrameworksBuildPhase;
			buildActionMask = 2147483647;
			files = (
				1BA509B10E2016588BC61841 /* Pods_TaskShareTests.framework in Frameworks */,
			);
			runOnlyForDeploymentPostprocessing = 0;
		};
		5724886823390EF600A9C24B /* Frameworks */ = {
			isa = PBXFrameworksBuildPhase;
			buildActionMask = 2147483647;
			files = (
				8DA4BB85B5C12A60CE2938FF /* Pods_TaskShareUITests.framework in Frameworks */,
			);
			runOnlyForDeploymentPostprocessing = 0;
		};
/* End PBXFrameworksBuildPhase section */

/* Begin PBXGroup section */
		5724884123390EEF00A9C24B = {
			isa = PBXGroup;
			children = (
				5724884C23390EEF00A9C24B /* TaskShare */,
				5724886323390EF600A9C24B /* TaskShareTests */,
				5724886E23390EF600A9C24B /* TaskShareUITests */,
				5724884B23390EEF00A9C24B /* Products */,
				CBF247A04799DFE7E74CF95F /* Pods */,
				84A4F66517191198E08EB5AC /* Frameworks */,
			);
			sourceTree = "<group>";
		};
		5724884B23390EEF00A9C24B /* Products */ = {
			isa = PBXGroup;
			children = (
				5724884A23390EEF00A9C24B /* TaskShare.app */,
				5724886023390EF500A9C24B /* TaskShareTests.xctest */,
				5724886B23390EF600A9C24B /* TaskShareUITests.xctest */,
			);
			name = Products;
			sourceTree = "<group>";
		};
		5724884C23390EEF00A9C24B /* TaskShare */ = {
			isa = PBXGroup;
			children = (
				5724888E2339F36900A9C24B /* Test */,
				5724884D23390EEF00A9C24B /* AppDelegate.swift */,
				572488892339F26400A9C24B /* Models */,
				5724888F2339F38500A9C24B /* Views */,
				572BA266233B2B2800388B52 /* ViewModel */,
				5724889A233A04AD00A9C24B /* Extention */,
				572BA274233B314700388B52 /* Common */,
				5724885323390EEF00A9C24B /* Main.storyboard */,
				5724885623390EF500A9C24B /* Assets.xcassets */,
				5724885823390EF500A9C24B /* LaunchScreen.storyboard */,
				5724885B23390EF500A9C24B /* Info.plist */,
				572488832339E32500A9C24B /* GoogleService-Info.plist */,
			);
			path = TaskShare;
			sourceTree = "<group>";
		};
		5724886323390EF600A9C24B /* TaskShareTests */ = {
			isa = PBXGroup;
			children = (
				5724886423390EF600A9C24B /* TaskShareTests.swift */,
				5724886623390EF600A9C24B /* Info.plist */,
			);
			path = TaskShareTests;
			sourceTree = "<group>";
		};
		5724886E23390EF600A9C24B /* TaskShareUITests */ = {
			isa = PBXGroup;
			children = (
				5724886F23390EF600A9C24B /* TaskShareUITests.swift */,
				5724887123390EF600A9C24B /* Info.plist */,
			);
			path = TaskShareUITests;
			sourceTree = "<group>";
		};
		572488892339F26400A9C24B /* Models */ = {
			isa = PBXGroup;
			children = (
				5724888A2339F27400A9C24B /* TaskModel.swift */,
				5724888C2339F27C00A9C24B /* UserModel.swift */,
				572BA27E233B410A00388B52 /* FirebaseActionModel.swift */,
				572BA279233B36B200388B52 /* Mock */,
				572BA282233B48D600388B52 /* Error */,
			);
			path = Models;
			sourceTree = "<group>";
		};
		5724888E2339F36900A9C24B /* Test */ = {
			isa = PBXGroup;
			children = (
				5724885123390EEF00A9C24B /* TestViewController.swift */,
			);
			path = Test;
			sourceTree = "<group>";
		};
		5724888F2339F38500A9C24B /* Views */ = {
			isa = PBXGroup;
			children = (
				572BA271233B2EB300388B52 /* Cells */,
				572488872339F25500A9C24B /* TopViewController.swift */,
				572488902339FA5400A9C24B /* TopTabBarPagerViewController.swift */,
				572488922339FB8000A9C24B /* MyTaskViewController.swift */,
				572488942339FB9100A9C24B /* FriendTaskViewController.swift */,
				572488962339FBA600A9C24B /* FriendsViewController.swift */,
				572488982339FBB700A9C24B /* SearchFriendsViewController.swift */,
				572BA289233B52E900388B52 /* CreateTaskViewController.swift */,
			);
			path = Views;
			sourceTree = "<group>";
		};
		5724889A233A04AD00A9C24B /* Extention */ = {
			isa = PBXGroup;
			children = (
				5724889B233A04DF00A9C24B /* UIColor.swift */,
				572BA280233B440900388B52 /* Date.swift */,
				572BA28B233B588400388B52 /* Reactive.swift */,
			);
			path = Extention;
			sourceTree = "<group>";
		};
		572BA266233B2B2800388B52 /* ViewModel */ = {
			isa = PBXGroup;
			children = (
				572BA267233B2B5400388B52 /* TopViewModel.swift */,
				572BA269233B2B6600388B52 /* MytTaskViewModel.swift */,
				572BA26B233B2B7800388B52 /* FriendTaskViewModel.swift */,
				572BA26D233B2B8A00388B52 /* FriendsViewModel.swift */,
				572BA26F233B2B9600388B52 /* SearchFriendsViewModel.swift */,
				572BA28D233D9D1400388B52 /* CreateTaskViewModel.swift */,
			);
			path = ViewModel;
			sourceTree = "<group>";
		};
		572BA271233B2EB300388B52 /* Cells */ = {
			isa = PBXGroup;
			children = (
				572BA272233B2ED700388B52 /* DefaultTableViewCell.swift */,
			);
			path = Cells;
			sourceTree = "<group>";
		};
		572BA274233B314700388B52 /* Common */ = {
			isa = PBXGroup;
			children = (
				572BA291233DA46D00388B52 /* Label */,
				572BA292233DA47A00388B52 /* TableViewCell */,
			);
			path = Common;
			sourceTree = "<group>";
		};
		572BA279233B36B200388B52 /* Mock */ = {
			isa = PBXGroup;
			children = (
			);
			path = Mock;
			sourceTree = "<group>";
		};
		572BA282233B48D600388B52 /* Error */ = {
			isa = PBXGroup;
			children = (
				572BA283233B48EF00388B52 /* FireAuthError.swift */,
				572BA285233B4ABC00388B52 /* FireDefaultError.swift */,
			);
			path = Error;
			sourceTree = "<group>";
		};
		572BA291233DA46D00388B52 /* Label */ = {
			isa = PBXGroup;
			children = (
				572BA275233B316C00388B52 /* TitleLabel.swift */,
				572BA277233B317B00388B52 /* DescriptionLabel.swift */,
			);
			path = Label;
			sourceTree = "<group>";
		};
		572BA292233DA47A00388B52 /* TableViewCell */ = {
			isa = PBXGroup;
			children = (
				572BA28F233DA36600388B52 /* TextFieldTableViewCell.swift */,
				570A0C29234329C900FD2461 /* StringKey.swift */,
			);
			path = TableViewCell;
			sourceTree = "<group>";
		};
		84A4F66517191198E08EB5AC /* Frameworks */ = {
			isa = PBXGroup;
			children = (
				B03D860B039A92485F3F1262 /* Pods_TaskShare.framework */,
				78508597FF514A7446E317F4 /* Pods_TaskShareTests.framework */,
				7B486303030C91045E67E643 /* Pods_TaskShareUITests.framework */,
			);
			name = Frameworks;
			sourceTree = "<group>";
		};
		CBF247A04799DFE7E74CF95F /* Pods */ = {
			isa = PBXGroup;
			children = (
				B7C3CE3232360E6F389262B4 /* Pods-TaskShare.debug.xcconfig */,
				21F0B60778589FFC7AC08EB2 /* Pods-TaskShare.release.xcconfig */,
				F246D80646782806BFD98CD5 /* Pods-TaskShareTests.debug.xcconfig */,
				3D7E4B7ED01E919BC0AFFE87 /* Pods-TaskShareTests.release.xcconfig */,
				61A95FF2169E259897203FD3 /* Pods-TaskShareUITests.debug.xcconfig */,
				6EC08EC9310545F727994A41 /* Pods-TaskShareUITests.release.xcconfig */,
			);
			path = Pods;
			sourceTree = "<group>";
		};
/* End PBXGroup section */

/* Begin PBXNativeTarget section */
		5724884923390EEF00A9C24B /* TaskShare */ = {
			isa = PBXNativeTarget;
			buildConfigurationList = 5724887423390EF600A9C24B /* Build configuration list for PBXNativeTarget "TaskShare" */;
			buildPhases = (
				D7D3FDA13226F79D40039621 /* [CP] Check Pods Manifest.lock */,
				5724884623390EEF00A9C24B /* Sources */,
				5724884723390EEF00A9C24B /* Frameworks */,
				5724884823390EEF00A9C24B /* Resources */,
				F54FE732F3E4349D1B5F4AE8 /* [CP] Embed Pods Frameworks */,
			);
			buildRules = (
			);
			dependencies = (
			);
			name = TaskShare;
			productName = TaskShare;
			productReference = 5724884A23390EEF00A9C24B /* TaskShare.app */;
			productType = "com.apple.product-type.application";
		};
		5724885F23390EF500A9C24B /* TaskShareTests */ = {
			isa = PBXNativeTarget;
			buildConfigurationList = 5724887723390EF600A9C24B /* Build configuration list for PBXNativeTarget "TaskShareTests" */;
			buildPhases = (
				38C12E7D63541573BDEF65A3 /* [CP] Check Pods Manifest.lock */,
				5724885C23390EF500A9C24B /* Sources */,
				5724885D23390EF500A9C24B /* Frameworks */,
				5724885E23390EF500A9C24B /* Resources */,
			);
			buildRules = (
			);
			dependencies = (
				5724886223390EF500A9C24B /* PBXTargetDependency */,
			);
			name = TaskShareTests;
			productName = TaskShareTests;
			productReference = 5724886023390EF500A9C24B /* TaskShareTests.xctest */;
			productType = "com.apple.product-type.bundle.unit-test";
		};
		5724886A23390EF600A9C24B /* TaskShareUITests */ = {
			isa = PBXNativeTarget;
			buildConfigurationList = 5724887A23390EF600A9C24B /* Build configuration list for PBXNativeTarget "TaskShareUITests" */;
			buildPhases = (
				1FB157F99B85DB16B9B41D1E /* [CP] Check Pods Manifest.lock */,
				5724886723390EF600A9C24B /* Sources */,
				5724886823390EF600A9C24B /* Frameworks */,
				5724886923390EF600A9C24B /* Resources */,
			);
			buildRules = (
			);
			dependencies = (
				5724886D23390EF600A9C24B /* PBXTargetDependency */,
			);
			name = TaskShareUITests;
			productName = TaskShareUITests;
			productReference = 5724886B23390EF600A9C24B /* TaskShareUITests.xctest */;
			productType = "com.apple.product-type.bundle.ui-testing";
		};
/* End PBXNativeTarget section */

/* Begin PBXProject section */
		5724884223390EEF00A9C24B /* Project object */ = {
			isa = PBXProject;
			attributes = {
				LastSwiftUpdateCheck = 1100;
				LastUpgradeCheck = 1100;
				ORGANIZATIONNAME = tomoya.suzuki;
				TargetAttributes = {
					5724884923390EEF00A9C24B = {
						CreatedOnToolsVersion = 11.0;
					};
					5724885F23390EF500A9C24B = {
						CreatedOnToolsVersion = 11.0;
						TestTargetID = 5724884923390EEF00A9C24B;
					};
					5724886A23390EF600A9C24B = {
						CreatedOnToolsVersion = 11.0;
						TestTargetID = 5724884923390EEF00A9C24B;
					};
				};
			};
			buildConfigurationList = 5724884523390EEF00A9C24B /* Build configuration list for PBXProject "TaskShare" */;
			compatibilityVersion = "Xcode 9.3";
			developmentRegion = en;
			hasScannedForEncodings = 0;
			knownRegions = (
				en,
				Base,
			);
			mainGroup = 5724884123390EEF00A9C24B;
			productRefGroup = 5724884B23390EEF00A9C24B /* Products */;
			projectDirPath = "";
			projectRoot = "";
			targets = (
				5724884923390EEF00A9C24B /* TaskShare */,
				5724885F23390EF500A9C24B /* TaskShareTests */,
				5724886A23390EF600A9C24B /* TaskShareUITests */,
			);
		};
/* End PBXProject section */

/* Begin PBXResourcesBuildPhase section */
		5724884823390EEF00A9C24B /* Resources */ = {
			isa = PBXResourcesBuildPhase;
			buildActionMask = 2147483647;
			files = (
				5724885A23390EF500A9C24B /* LaunchScreen.storyboard in Resources */,
				572488842339E32600A9C24B /* GoogleService-Info.plist in Resources */,
				5724885723390EF500A9C24B /* Assets.xcassets in Resources */,
				5724885523390EEF00A9C24B /* Main.storyboard in Resources */,
			);
			runOnlyForDeploymentPostprocessing = 0;
		};
		5724885E23390EF500A9C24B /* Resources */ = {
			isa = PBXResourcesBuildPhase;
			buildActionMask = 2147483647;
			files = (
			);
			runOnlyForDeploymentPostprocessing = 0;
		};
		5724886923390EF600A9C24B /* Resources */ = {
			isa = PBXResourcesBuildPhase;
			buildActionMask = 2147483647;
			files = (
			);
			runOnlyForDeploymentPostprocessing = 0;
		};
/* End PBXResourcesBuildPhase section */

/* Begin PBXShellScriptBuildPhase section */
		1FB157F99B85DB16B9B41D1E /* [CP] Check Pods Manifest.lock */ = {
			isa = PBXShellScriptBuildPhase;
			buildActionMask = 2147483647;
			files = (
			);
			inputFileListPaths = (
			);
			inputPaths = (
				"${PODS_PODFILE_DIR_PATH}/Podfile.lock",
				"${PODS_ROOT}/Manifest.lock",
			);
			name = "[CP] Check Pods Manifest.lock";
			outputFileListPaths = (
			);
			outputPaths = (
				"$(DERIVED_FILE_DIR)/Pods-TaskShareUITests-checkManifestLockResult.txt",
			);
			runOnlyForDeploymentPostprocessing = 0;
			shellPath = /bin/sh;
			shellScript = "diff \"${PODS_PODFILE_DIR_PATH}/Podfile.lock\" \"${PODS_ROOT}/Manifest.lock\" > /dev/null\nif [ $? != 0 ] ; then\n    # print error to STDERR\n    echo \"error: The sandbox is not in sync with the Podfile.lock. Run 'pod install' or update your CocoaPods installation.\" >&2\n    exit 1\nfi\n# This output is used by Xcode 'outputs' to avoid re-running this script phase.\necho \"SUCCESS\" > \"${SCRIPT_OUTPUT_FILE_0}\"\n";
			showEnvVarsInLog = 0;
		};
		38C12E7D63541573BDEF65A3 /* [CP] Check Pods Manifest.lock */ = {
			isa = PBXShellScriptBuildPhase;
			buildActionMask = 2147483647;
			files = (
			);
			inputFileListPaths = (
			);
			inputPaths = (
				"${PODS_PODFILE_DIR_PATH}/Podfile.lock",
				"${PODS_ROOT}/Manifest.lock",
			);
			name = "[CP] Check Pods Manifest.lock";
			outputFileListPaths = (
			);
			outputPaths = (
				"$(DERIVED_FILE_DIR)/Pods-TaskShareTests-checkManifestLockResult.txt",
			);
			runOnlyForDeploymentPostprocessing = 0;
			shellPath = /bin/sh;
			shellScript = "diff \"${PODS_PODFILE_DIR_PATH}/Podfile.lock\" \"${PODS_ROOT}/Manifest.lock\" > /dev/null\nif [ $? != 0 ] ; then\n    # print error to STDERR\n    echo \"error: The sandbox is not in sync with the Podfile.lock. Run 'pod install' or update your CocoaPods installation.\" >&2\n    exit 1\nfi\n# This output is used by Xcode 'outputs' to avoid re-running this script phase.\necho \"SUCCESS\" > \"${SCRIPT_OUTPUT_FILE_0}\"\n";
			showEnvVarsInLog = 0;
		};
		D7D3FDA13226F79D40039621 /* [CP] Check Pods Manifest.lock */ = {
			isa = PBXShellScriptBuildPhase;
			buildActionMask = 2147483647;
			files = (
			);
			inputFileListPaths = (
			);
			inputPaths = (
				"${PODS_PODFILE_DIR_PATH}/Podfile.lock",
				"${PODS_ROOT}/Manifest.lock",
			);
			name = "[CP] Check Pods Manifest.lock";
			outputFileListPaths = (
			);
			outputPaths = (
				"$(DERIVED_FILE_DIR)/Pods-TaskShare-checkManifestLockResult.txt",
			);
			runOnlyForDeploymentPostprocessing = 0;
			shellPath = /bin/sh;
			shellScript = "diff \"${PODS_PODFILE_DIR_PATH}/Podfile.lock\" \"${PODS_ROOT}/Manifest.lock\" > /dev/null\nif [ $? != 0 ] ; then\n    # print error to STDERR\n    echo \"error: The sandbox is not in sync with the Podfile.lock. Run 'pod install' or update your CocoaPods installation.\" >&2\n    exit 1\nfi\n# This output is used by Xcode 'outputs' to avoid re-running this script phase.\necho \"SUCCESS\" > \"${SCRIPT_OUTPUT_FILE_0}\"\n";
			showEnvVarsInLog = 0;
		};
		F54FE732F3E4349D1B5F4AE8 /* [CP] Embed Pods Frameworks */ = {
			isa = PBXShellScriptBuildPhase;
			buildActionMask = 2147483647;
			files = (
			);
			inputFileListPaths = (
				"${PODS_ROOT}/Target Support Files/Pods-TaskShare/Pods-TaskShare-frameworks-${CONFIGURATION}-input-files.xcfilelist",
			);
			name = "[CP] Embed Pods Frameworks";
			outputFileListPaths = (
				"${PODS_ROOT}/Target Support Files/Pods-TaskShare/Pods-TaskShare-frameworks-${CONFIGURATION}-output-files.xcfilelist",
			);
			runOnlyForDeploymentPostprocessing = 0;
			shellPath = /bin/sh;
			shellScript = "\"${PODS_ROOT}/Target Support Files/Pods-TaskShare/Pods-TaskShare-frameworks.sh\"\n";
			showEnvVarsInLog = 0;
		};
/* End PBXShellScriptBuildPhase section */

/* Begin PBXSourcesBuildPhase section */
		5724884623390EEF00A9C24B /* Sources */ = {
			isa = PBXSourcesBuildPhase;
			buildActionMask = 2147483647;
			files = (
				572488882339F25500A9C24B /* TopViewController.swift in Sources */,
				572488972339FBA600A9C24B /* FriendsViewController.swift in Sources */,
				572BA270233B2B9600388B52 /* SearchFriendsViewModel.swift in Sources */,
				572488812339B9EA00A9C24B /* TestViewController.swift in Sources */,
				572BA26C233B2B7800388B52 /* FriendTaskViewModel.swift in Sources */,
				5724888B2339F27400A9C24B /* TaskModel.swift in Sources */,
				572BA290233DA36600388B52 /* TextFieldTableViewCell.swift in Sources */,
				572BA284233B48EF00388B52 /* FireAuthError.swift in Sources */,
				572BA28E233D9D1500388B52 /* CreateTaskViewModel.swift in Sources */,
				572BA268233B2B5400388B52 /* TopViewModel.swift in Sources */,
				572BA273233B2ED700388B52 /* DefaultTableViewCell.swift in Sources */,
				572BA27F233B410A00388B52 /* FirebaseActionModel.swift in Sources */,
				572488952339FB9100A9C24B /* FriendTaskViewController.swift in Sources */,
				5724888D2339F27C00A9C24B /* UserModel.swift in Sources */,
				572BA286233B4ABC00388B52 /* FireDefaultError.swift in Sources */,
				572BA26A233B2B6600388B52 /* MytTaskViewModel.swift in Sources */,
				572488912339FA5400A9C24B /* TopTabBarPagerViewController.swift in Sources */,
				5724889C233A04DF00A9C24B /* UIColor.swift in Sources */,
				572BA278233B317C00388B52 /* DescriptionLabel.swift in Sources */,
				572BA26E233B2B8A00388B52 /* FriendsViewModel.swift in Sources */,
				570A0C2A234329C900FD2461 /* StringKey.swift in Sources */,
				572BA281233B440900388B52 /* Date.swift in Sources */,
				572BA28C233B588400388B52 /* Reactive.swift in Sources */,
				572488932339FB8000A9C24B /* MyTaskViewController.swift in Sources */,
				572BA276233B316C00388B52 /* TitleLabel.swift in Sources */,
				572488992339FBB700A9C24B /* SearchFriendsViewController.swift in Sources */,
				5724884E23390EEF00A9C24B /* AppDelegate.swift in Sources */,
				572BA28A233B52E900388B52 /* CreateTaskViewController.swift in Sources */,
			);
			runOnlyForDeploymentPostprocessing = 0;
		};
		5724885C23390EF500A9C24B /* Sources */ = {
			isa = PBXSourcesBuildPhase;
			buildActionMask = 2147483647;
			files = (
				5724886523390EF600A9C24B /* TaskShareTests.swift in Sources */,
			);
			runOnlyForDeploymentPostprocessing = 0;
		};
		5724886723390EF600A9C24B /* Sources */ = {
			isa = PBXSourcesBuildPhase;
			buildActionMask = 2147483647;
			files = (
				5724887023390EF600A9C24B /* TaskShareUITests.swift in Sources */,
			);
			runOnlyForDeploymentPostprocessing = 0;
		};
/* End PBXSourcesBuildPhase section */

/* Begin PBXTargetDependency section */
		5724886223390EF500A9C24B /* PBXTargetDependency */ = {
			isa = PBXTargetDependency;
			target = 5724884923390EEF00A9C24B /* TaskShare */;
			targetProxy = 5724886123390EF500A9C24B /* PBXContainerItemProxy */;
		};
		5724886D23390EF600A9C24B /* PBXTargetDependency */ = {
			isa = PBXTargetDependency;
			target = 5724884923390EEF00A9C24B /* TaskShare */;
			targetProxy = 5724886C23390EF600A9C24B /* PBXContainerItemProxy */;
		};
/* End PBXTargetDependency section */

/* Begin PBXVariantGroup section */
		5724885323390EEF00A9C24B /* Main.storyboard */ = {
			isa = PBXVariantGroup;
			children = (
				5724885423390EEF00A9C24B /* Base */,
			);
			name = Main.storyboard;
			sourceTree = "<group>";
		};
		5724885823390EF500A9C24B /* LaunchScreen.storyboard */ = {
			isa = PBXVariantGroup;
			children = (
				5724885923390EF500A9C24B /* Base */,
			);
			name = LaunchScreen.storyboard;
			sourceTree = "<group>";
		};
/* End PBXVariantGroup section */

/* Begin XCBuildConfiguration section */
		5724887223390EF600A9C24B /* Debug */ = {
			isa = XCBuildConfiguration;
			buildSettings = {
				ALWAYS_SEARCH_USER_PATHS = NO;
				CLANG_ANALYZER_NONNULL = YES;
				CLANG_ANALYZER_NUMBER_OBJECT_CONVERSION = YES_AGGRESSIVE;
				CLANG_CXX_LANGUAGE_STANDARD = "gnu++14";
				CLANG_CXX_LIBRARY = "libc++";
				CLANG_ENABLE_MODULES = YES;
				CLANG_ENABLE_OBJC_ARC = YES;
				CLANG_ENABLE_OBJC_WEAK = YES;
				CLANG_WARN_BLOCK_CAPTURE_AUTORELEASING = YES;
				CLANG_WARN_BOOL_CONVERSION = YES;
				CLANG_WARN_COMMA = YES;
				CLANG_WARN_CONSTANT_CONVERSION = YES;
				CLANG_WARN_DEPRECATED_OBJC_IMPLEMENTATIONS = YES;
				CLANG_WARN_DIRECT_OBJC_ISA_USAGE = YES_ERROR;
				CLANG_WARN_DOCUMENTATION_COMMENTS = YES;
				CLANG_WARN_EMPTY_BODY = YES;
				CLANG_WARN_ENUM_CONVERSION = YES;
				CLANG_WARN_INFINITE_RECURSION = YES;
				CLANG_WARN_INT_CONVERSION = YES;
				CLANG_WARN_NON_LITERAL_NULL_CONVERSION = YES;
				CLANG_WARN_OBJC_IMPLICIT_RETAIN_SELF = YES;
				CLANG_WARN_OBJC_LITERAL_CONVERSION = YES;
				CLANG_WARN_OBJC_ROOT_CLASS = YES_ERROR;
				CLANG_WARN_RANGE_LOOP_ANALYSIS = YES;
				CLANG_WARN_STRICT_PROTOTYPES = YES;
				CLANG_WARN_SUSPICIOUS_MOVE = YES;
				CLANG_WARN_UNGUARDED_AVAILABILITY = YES_AGGRESSIVE;
				CLANG_WARN_UNREACHABLE_CODE = YES;
				CLANG_WARN__DUPLICATE_METHOD_MATCH = YES;
				COPY_PHASE_STRIP = NO;
				DEBUG_INFORMATION_FORMAT = dwarf;
				ENABLE_STRICT_OBJC_MSGSEND = YES;
				ENABLE_TESTABILITY = YES;
				GCC_C_LANGUAGE_STANDARD = gnu11;
				GCC_DYNAMIC_NO_PIC = NO;
				GCC_NO_COMMON_BLOCKS = YES;
				GCC_OPTIMIZATION_LEVEL = 0;
				GCC_PREPROCESSOR_DEFINITIONS = (
					"DEBUG=1",
					"$(inherited)",
				);
				GCC_WARN_64_TO_32_BIT_CONVERSION = YES;
				GCC_WARN_ABOUT_RETURN_TYPE = YES_ERROR;
				GCC_WARN_UNDECLARED_SELECTOR = YES;
				GCC_WARN_UNINITIALIZED_AUTOS = YES_AGGRESSIVE;
				GCC_WARN_UNUSED_FUNCTION = YES;
				GCC_WARN_UNUSED_VARIABLE = YES;
				IPHONEOS_DEPLOYMENT_TARGET = 13.0;
				MTL_ENABLE_DEBUG_INFO = INCLUDE_SOURCE;
				MTL_FAST_MATH = YES;
				ONLY_ACTIVE_ARCH = YES;
				SDKROOT = iphoneos;
				SWIFT_ACTIVE_COMPILATION_CONDITIONS = DEBUG;
				SWIFT_OPTIMIZATION_LEVEL = "-Onone";
			};
			name = Debug;
		};
		5724887323390EF600A9C24B /* Release */ = {
			isa = XCBuildConfiguration;
			buildSettings = {
				ALWAYS_SEARCH_USER_PATHS = NO;
				CLANG_ANALYZER_NONNULL = YES;
				CLANG_ANALYZER_NUMBER_OBJECT_CONVERSION = YES_AGGRESSIVE;
				CLANG_CXX_LANGUAGE_STANDARD = "gnu++14";
				CLANG_CXX_LIBRARY = "libc++";
				CLANG_ENABLE_MODULES = YES;
				CLANG_ENABLE_OBJC_ARC = YES;
				CLANG_ENABLE_OBJC_WEAK = YES;
				CLANG_WARN_BLOCK_CAPTURE_AUTORELEASING = YES;
				CLANG_WARN_BOOL_CONVERSION = YES;
				CLANG_WARN_COMMA = YES;
				CLANG_WARN_CONSTANT_CONVERSION = YES;
				CLANG_WARN_DEPRECATED_OBJC_IMPLEMENTATIONS = YES;
				CLANG_WARN_DIRECT_OBJC_ISA_USAGE = YES_ERROR;
				CLANG_WARN_DOCUMENTATION_COMMENTS = YES;
				CLANG_WARN_EMPTY_BODY = YES;
				CLANG_WARN_ENUM_CONVERSION = YES;
				CLANG_WARN_INFINITE_RECURSION = YES;
				CLANG_WARN_INT_CONVERSION = YES;
				CLANG_WARN_NON_LITERAL_NULL_CONVERSION = YES;
				CLANG_WARN_OBJC_IMPLICIT_RETAIN_SELF = YES;
				CLANG_WARN_OBJC_LITERAL_CONVERSION = YES;
				CLANG_WARN_OBJC_ROOT_CLASS = YES_ERROR;
				CLANG_WARN_RANGE_LOOP_ANALYSIS = YES;
				CLANG_WARN_STRICT_PROTOTYPES = YES;
				CLANG_WARN_SUSPICIOUS_MOVE = YES;
				CLANG_WARN_UNGUARDED_AVAILABILITY = YES_AGGRESSIVE;
				CLANG_WARN_UNREACHABLE_CODE = YES;
				CLANG_WARN__DUPLICATE_METHOD_MATCH = YES;
				COPY_PHASE_STRIP = NO;
				DEBUG_INFORMATION_FORMAT = "dwarf-with-dsym";
				ENABLE_NS_ASSERTIONS = NO;
				ENABLE_STRICT_OBJC_MSGSEND = YES;
				GCC_C_LANGUAGE_STANDARD = gnu11;
				GCC_NO_COMMON_BLOCKS = YES;
				GCC_WARN_64_TO_32_BIT_CONVERSION = YES;
				GCC_WARN_ABOUT_RETURN_TYPE = YES_ERROR;
				GCC_WARN_UNDECLARED_SELECTOR = YES;
				GCC_WARN_UNINITIALIZED_AUTOS = YES_AGGRESSIVE;
				GCC_WARN_UNUSED_FUNCTION = YES;
				GCC_WARN_UNUSED_VARIABLE = YES;
				IPHONEOS_DEPLOYMENT_TARGET = 13.0;
				MTL_ENABLE_DEBUG_INFO = NO;
				MTL_FAST_MATH = YES;
				SDKROOT = iphoneos;
				SWIFT_COMPILATION_MODE = wholemodule;
				SWIFT_OPTIMIZATION_LEVEL = "-O";
				VALIDATE_PRODUCT = YES;
			};
			name = Release;
		};
		5724887523390EF600A9C24B /* Debug */ = {
			isa = XCBuildConfiguration;
			baseConfigurationReference = B7C3CE3232360E6F389262B4 /* Pods-TaskShare.debug.xcconfig */;
			buildSettings = {
				ASSETCATALOG_COMPILER_APPICON_NAME = AppIcon;
				CODE_SIGN_STYLE = Automatic;
				DEVELOPMENT_TEAM = GU9D57Q492;
				INFOPLIST_FILE = TaskShare/Info.plist;
				IPHONEOS_DEPLOYMENT_TARGET = 12.4;
				LD_RUNPATH_SEARCH_PATHS = (
					"$(inherited)",
					"@executable_path/Frameworks",
				);
				PRODUCT_BUNDLE_IDENTIFIER = jp.tomoya.suzuki.TaskShare;
				PRODUCT_NAME = "$(TARGET_NAME)";
				SWIFT_VERSION = 5.0;
				TARGETED_DEVICE_FAMILY = "1,2";
			};
			name = Debug;
		};
		5724887623390EF600A9C24B /* Release */ = {
			isa = XCBuildConfiguration;
			baseConfigurationReference = 21F0B60778589FFC7AC08EB2 /* Pods-TaskShare.release.xcconfig */;
			buildSettings = {
				ASSETCATALOG_COMPILER_APPICON_NAME = AppIcon;
				CODE_SIGN_STYLE = Automatic;
				DEVELOPMENT_TEAM = GU9D57Q492;
				INFOPLIST_FILE = TaskShare/Info.plist;
				IPHONEOS_DEPLOYMENT_TARGET = 12.4;
				LD_RUNPATH_SEARCH_PATHS = (
					"$(inherited)",
					"@executable_path/Frameworks",
				);
				PRODUCT_BUNDLE_IDENTIFIER = jp.tomoya.suzuki.TaskShare;
				PRODUCT_NAME = "$(TARGET_NAME)";
				SWIFT_VERSION = 5.0;
				TARGETED_DEVICE_FAMILY = "1,2";
			};
			name = Release;
		};
		5724887823390EF600A9C24B /* Debug */ = {
			isa = XCBuildConfiguration;
			baseConfigurationReference = F246D80646782806BFD98CD5 /* Pods-TaskShareTests.debug.xcconfig */;
			buildSettings = {
				ALWAYS_EMBED_SWIFT_STANDARD_LIBRARIES = YES;
				BUNDLE_LOADER = "$(TEST_HOST)";
				CODE_SIGN_STYLE = Automatic;
				DEVELOPMENT_TEAM = GU9D57Q492;
				INFOPLIST_FILE = TaskShareTests/Info.plist;
				IPHONEOS_DEPLOYMENT_TARGET = 13.0;
				LD_RUNPATH_SEARCH_PATHS = (
					"$(inherited)",
					"@executable_path/Frameworks",
					"@loader_path/Frameworks",
				);
				PRODUCT_BUNDLE_IDENTIFIER = jp.tomoya.suzuki.TaskShareTests;
				PRODUCT_NAME = "$(TARGET_NAME)";
				SWIFT_VERSION = 5.0;
				TARGETED_DEVICE_FAMILY = "1,2";
				TEST_HOST = "$(BUILT_PRODUCTS_DIR)/TaskShare.app/TaskShare";
			};
			name = Debug;
		};
		5724887923390EF600A9C24B /* Release */ = {
			isa = XCBuildConfiguration;
			baseConfigurationReference = 3D7E4B7ED01E919BC0AFFE87 /* Pods-TaskShareTests.release.xcconfig */;
			buildSettings = {
				ALWAYS_EMBED_SWIFT_STANDARD_LIBRARIES = YES;
				BUNDLE_LOADER = "$(TEST_HOST)";
				CODE_SIGN_STYLE = Automatic;
				DEVELOPMENT_TEAM = GU9D57Q492;
				INFOPLIST_FILE = TaskShareTests/Info.plist;
				IPHONEOS_DEPLOYMENT_TARGET = 13.0;
				LD_RUNPATH_SEARCH_PATHS = (
					"$(inherited)",
					"@executable_path/Frameworks",
					"@loader_path/Frameworks",
				);
				PRODUCT_BUNDLE_IDENTIFIER = jp.tomoya.suzuki.TaskShareTests;
				PRODUCT_NAME = "$(TARGET_NAME)";
				SWIFT_VERSION = 5.0;
				TARGETED_DEVICE_FAMILY = "1,2";
				TEST_HOST = "$(BUILT_PRODUCTS_DIR)/TaskShare.app/TaskShare";
			};
			name = Release;
		};
		5724887B23390EF600A9C24B /* Debug */ = {
			isa = XCBuildConfiguration;
			baseConfigurationReference = 61A95FF2169E259897203FD3 /* Pods-TaskShareUITests.debug.xcconfig */;
			buildSettings = {
				ALWAYS_EMBED_SWIFT_STANDARD_LIBRARIES = YES;
				CODE_SIGN_STYLE = Automatic;
				DEVELOPMENT_TEAM = GU9D57Q492;
				INFOPLIST_FILE = TaskShareUITests/Info.plist;
				LD_RUNPATH_SEARCH_PATHS = (
					"$(inherited)",
					"@executable_path/Frameworks",
					"@loader_path/Frameworks",
				);
				PRODUCT_BUNDLE_IDENTIFIER = jp.tomoya.suzuki.TaskShareUITests;
				PRODUCT_NAME = "$(TARGET_NAME)";
				SWIFT_VERSION = 5.0;
				TARGETED_DEVICE_FAMILY = "1,2";
				TEST_TARGET_NAME = TaskShare;
			};
			name = Debug;
		};
		5724887C23390EF600A9C24B /* Release */ = {
			isa = XCBuildConfiguration;
			baseConfigurationReference = 6EC08EC9310545F727994A41 /* Pods-TaskShareUITests.release.xcconfig */;
			buildSettings = {
				ALWAYS_EMBED_SWIFT_STANDARD_LIBRARIES = YES;
				CODE_SIGN_STYLE = Automatic;
				DEVELOPMENT_TEAM = GU9D57Q492;
				INFOPLIST_FILE = TaskShareUITests/Info.plist;
				LD_RUNPATH_SEARCH_PATHS = (
					"$(inherited)",
					"@executable_path/Frameworks",
					"@loader_path/Frameworks",
				);
				PRODUCT_BUNDLE_IDENTIFIER = jp.tomoya.suzuki.TaskShareUITests;
				PRODUCT_NAME = "$(TARGET_NAME)";
				SWIFT_VERSION = 5.0;
				TARGETED_DEVICE_FAMILY = "1,2";
				TEST_TARGET_NAME = TaskShare;
			};
			name = Release;
		};
/* End XCBuildConfiguration section */

/* Begin XCConfigurationList section */
		5724884523390EEF00A9C24B /* Build configuration list for PBXProject "TaskShare" */ = {
			isa = XCConfigurationList;
			buildConfigurations = (
				5724887223390EF600A9C24B /* Debug */,
				5724887323390EF600A9C24B /* Release */,
			);
			defaultConfigurationIsVisible = 0;
			defaultConfigurationName = Release;
		};
		5724887423390EF600A9C24B /* Build configuration list for PBXNativeTarget "TaskShare" */ = {
			isa = XCConfigurationList;
			buildConfigurations = (
				5724887523390EF600A9C24B /* Debug */,
				5724887623390EF600A9C24B /* Release */,
			);
			defaultConfigurationIsVisible = 0;
			defaultConfigurationName = Release;
		};
		5724887723390EF600A9C24B /* Build configuration list for PBXNativeTarget "TaskShareTests" */ = {
			isa = XCConfigurationList;
			buildConfigurations = (
				5724887823390EF600A9C24B /* Debug */,
				5724887923390EF600A9C24B /* Release */,
			);
			defaultConfigurationIsVisible = 0;
			defaultConfigurationName = Release;
		};
		5724887A23390EF600A9C24B /* Build configuration list for PBXNativeTarget "TaskShareUITests" */ = {
			isa = XCConfigurationList;
			buildConfigurations = (
				5724887B23390EF600A9C24B /* Debug */,
				5724887C23390EF600A9C24B /* Release */,
			);
			defaultConfigurationIsVisible = 0;
			defaultConfigurationName = Release;
		};
/* End XCConfigurationList section */
	};
	rootObject = 5724884223390EEF00A9C24B /* Project object */;
}
